
Microsoft Visual Studio Solution File, Format Version 12.00
# Visual Studio Version 16
VisualStudioVersion = 16.0.29215.179
MinimumVisualStudioVersion = 10.0.40219.1
Project("{FAE04EC0-301F-11D3-BF4B-00C04F79EFBC}") = "LINQDemo", "LINQDemo\LINQDemo.csproj", "{00DB1467-5712-4FB4-95AD-11FCB52FD261}"
EndProject
Global
	GlobalSection(SolutionConfigurationPlatforms) = preSolution
		Debug|Any CPU = Debug|Any CPU
		Release|Any CPU = Release|Any CPU
	EndGlobalSection
	GlobalSection(ProjectConfigurationPlatforms) = postSolution
		{00DB1467-5712-4FB4-95AD-11FCB52FD261}.Debug|Any CPU.ActiveCfg = Debug|Any CPU
		{00DB1467-5712-4FB4-95AD-11FCB52FD261}.Debug|Any CPU.Build.0 = Debug|Any CPU
		{00DB1467-5712-4FB4-95AD-11FCB52FD261}.Release|Any CPU.ActiveCfg = Release|Any CPU
		{00DB1467-5712-4FB4-95AD-11FCB52FD261}.Release|Any CPU.Build.0 = Release|Any CPU
	EndGlobalSection
	GlobalSection(SolutionProperties) = preSolution
		HideSolutionNode = FALSE
	EndGlobalSection
	GlobalSection(ExtensibilityGlobals) = postSolution
		SolutionGuid = {E78EB838-E48B-4B31-A88B-6671E5B403B7}
	EndGlobalSection
EndGlobal
