
Microsoft Visual Studio Solution File, Format Version 12.00
# Visual Studio Version 16
VisualStudioVersion = 16.0.29215.179
MinimumVisualStudioVersion = 10.0.40219.1
Project("{FAE04EC0-301F-11D3-BF4B-00C04F79EFBC}") = "LINQPractice", "LINQPractice\LINQPractice.csproj", "{24215D64-3D6D-4D2A-B564-8335B12BBBDC}"
EndProject
Global
	GlobalSection(SolutionConfigurationPlatforms) = preSolution
		Debug|Any CPU = Debug|Any CPU
		Release|Any CPU = Release|Any CPU
	EndGlobalSection
	GlobalSection(ProjectConfigurationPlatforms) = postSolution
		{24215D64-3D6D-4D2A-B564-8335B12BBBDC}.Debug|Any CPU.ActiveCfg = Debug|Any CPU
		{24215D64-3D6D-4D2A-B564-8335B12BBBDC}.Debug|Any CPU.Build.0 = Debug|Any CPU
		{24215D64-3D6D-4D2A-B564-8335B12BBBDC}.Release|Any CPU.ActiveCfg = Release|Any CPU
		{24215D64-3D6D-4D2A-B564-8335B12BBBDC}.Release|Any CPU.Build.0 = Release|Any CPU
	EndGlobalSection
	GlobalSection(SolutionProperties) = preSolution
		HideSolutionNode = FALSE
	EndGlobalSection
	GlobalSection(ExtensibilityGlobals) = postSolution
		SolutionGuid = {67C46AE6-FE1E-43BC-950E-EE2C2EAB1674}
	EndGlobalSection
EndGlobal
