
Microsoft Visual Studio Solution File, Format Version 12.00
# Visual Studio Version 16
VisualStudioVersion = 16.0.29230.47
MinimumVisualStudioVersion = 10.0.40219.1
Project("{FAE04EC0-301F-11D3-BF4B-00C04F79EFBC}") = "ThreadingDemo", "ThreadingDemo\ThreadingDemo.csproj", "{C367C2C2-4A63-4155-8B41-50E1C0BFBBC0}"
EndProject
Project("{FAE04EC0-301F-11D3-BF4B-00C04F79EFBC}") = "CommonResourceSync", "CommonResourceSync\CommonResourceSync.csproj", "{20DB3029-92C7-4C5D-B09A-B789DC4BC72B}"
EndProject
Project("{FAE04EC0-301F-11D3-BF4B-00C04F79EFBC}") = "THreadSync_Lock", "THreadSync_Lock\THreadSync_Lock.csproj", "{EA779560-A8EA-48D8-B91F-E73A99C1FD68}"
EndProject
Global
	GlobalSection(SolutionConfigurationPlatforms) = preSolution
		Debug|Any CPU = Debug|Any CPU
		Release|Any CPU = Release|Any CPU
	EndGlobalSection
	GlobalSection(ProjectConfigurationPlatforms) = postSolution
		{C367C2C2-4A63-4155-8B41-50E1C0BFBBC0}.Debug|Any CPU.ActiveCfg = Debug|Any CPU
		{C367C2C2-4A63-4155-8B41-50E1C0BFBBC0}.Debug|Any CPU.Build.0 = Debug|Any CPU
		{C367C2C2-4A63-4155-8B41-50E1C0BFBBC0}.Release|Any CPU.ActiveCfg = Release|Any CPU
		{C367C2C2-4A63-4155-8B41-50E1C0BFBBC0}.Release|Any CPU.Build.0 = Release|Any CPU
		{20DB3029-92C7-4C5D-B09A-B789DC4BC72B}.Debug|Any CPU.ActiveCfg = Debug|Any CPU
		{20DB3029-92C7-4C5D-B09A-B789DC4BC72B}.Debug|Any CPU.Build.0 = Debug|Any CPU
		{20DB3029-92C7-4C5D-B09A-B789DC4BC72B}.Release|Any CPU.ActiveCfg = Release|Any CPU
		{20DB3029-92C7-4C5D-B09A-B789DC4BC72B}.Release|Any CPU.Build.0 = Release|Any CPU
		{EA779560-A8EA-48D8-B91F-E73A99C1FD68}.Debug|Any CPU.ActiveCfg = Debug|Any CPU
		{EA779560-A8EA-48D8-B91F-E73A99C1FD68}.Debug|Any CPU.Build.0 = Debug|Any CPU
		{EA779560-A8EA-48D8-B91F-E73A99C1FD68}.Release|Any CPU.ActiveCfg = Release|Any CPU
		{EA779560-A8EA-48D8-B91F-E73A99C1FD68}.Release|Any CPU.Build.0 = Release|Any CPU
	EndGlobalSection
	GlobalSection(SolutionProperties) = preSolution
		HideSolutionNode = FALSE
	EndGlobalSection
	GlobalSection(ExtensibilityGlobals) = postSolution
		SolutionGuid = {0E6F12FB-D028-458B-9A43-8CAB15AA60C5}
	EndGlobalSection
EndGlobal
