
Microsoft Visual Studio Solution File, Format Version 12.00
# Visual Studio 15
VisualStudioVersion = 15.0.28307.779
MinimumVisualStudioVersion = 10.0.40219.1
Project("{FAE04EC0-301F-11D3-BF4B-00C04F79EFBC}") = "ReflectionDemo.Library", "ReflectionDemo.Library\ReflectionDemo.Library.csproj", "{8B833FEC-8E2E-4E23-BA01-817C091AC8F8}"
EndProject
Project("{FAE04EC0-301F-11D3-BF4B-00C04F79EFBC}") = "ReflectionDemo.ReflectorTool", "ReflectionDemo.ReflectorTool\ReflectionDemo.ReflectorTool.csproj", "{7B7FCEBB-CFD0-4E69-BE20-823D3C25B484}"
EndProject
Global
	GlobalSection(SolutionConfigurationPlatforms) = preSolution
		Debug|Any CPU = Debug|Any CPU
		Release|Any CPU = Release|Any CPU
	EndGlobalSection
	GlobalSection(ProjectConfigurationPlatforms) = postSolution
		{8B833FEC-8E2E-4E23-BA01-817C091AC8F8}.Debug|Any CPU.ActiveCfg = Debug|Any CPU
		{8B833FEC-8E2E-4E23-BA01-817C091AC8F8}.Debug|Any CPU.Build.0 = Debug|Any CPU
		{8B833FEC-8E2E-4E23-BA01-817C091AC8F8}.Release|Any CPU.ActiveCfg = Release|Any CPU
		{8B833FEC-8E2E-4E23-BA01-817C091AC8F8}.Release|Any CPU.Build.0 = Release|Any CPU
		{7B7FCEBB-CFD0-4E69-BE20-823D3C25B484}.Debug|Any CPU.ActiveCfg = Debug|Any CPU
		{7B7FCEBB-CFD0-4E69-BE20-823D3C25B484}.Debug|Any CPU.Build.0 = Debug|Any CPU
		{7B7FCEBB-CFD0-4E69-BE20-823D3C25B484}.Release|Any CPU.ActiveCfg = Release|Any CPU
		{7B7FCEBB-CFD0-4E69-BE20-823D3C25B484}.Release|Any CPU.Build.0 = Release|Any CPU
	EndGlobalSection
	GlobalSection(SolutionProperties) = preSolution
		HideSolutionNode = FALSE
	EndGlobalSection
	GlobalSection(ExtensibilityGlobals) = postSolution
		SolutionGuid = {726B52C5-AB28-4222-A8FC-0CDAEF51A599}
	EndGlobalSection
EndGlobal
