
Microsoft Visual Studio Solution File, Format Version 12.00
# Visual Studio Version 16
VisualStudioVersion = 16.0.29230.47
MinimumVisualStudioVersion = 10.0.40219.1
Project("{FAE04EC0-301F-11D3-BF4B-00C04F79EFBC}") = "DifferentControls", "DifferentControls\DifferentControls.csproj", "{7B127218-124B-4486-8571-C61A68D0EE01}"
EndProject
Global
	GlobalSection(SolutionConfigurationPlatforms) = preSolution
		Debug|Any CPU = Debug|Any CPU
		Release|Any CPU = Release|Any CPU
	EndGlobalSection
	GlobalSection(ProjectConfigurationPlatforms) = postSolution
		{7B127218-124B-4486-8571-C61A68D0EE01}.Debug|Any CPU.ActiveCfg = Debug|Any CPU
		{7B127218-124B-4486-8571-C61A68D0EE01}.Debug|Any CPU.Build.0 = Debug|Any CPU
		{7B127218-124B-4486-8571-C61A68D0EE01}.Release|Any CPU.ActiveCfg = Release|Any CPU
		{7B127218-124B-4486-8571-C61A68D0EE01}.Release|Any CPU.Build.0 = Release|Any CPU
	EndGlobalSection
	GlobalSection(SolutionProperties) = preSolution
		HideSolutionNode = FALSE
	EndGlobalSection
	GlobalSection(ExtensibilityGlobals) = postSolution
		SolutionGuid = {53233600-F223-41E8-8798-41D55ED97A65}
	EndGlobalSection
EndGlobal
