
Microsoft Visual Studio Solution File, Format Version 12.00
# Visual Studio 15
VisualStudioVersion = 15.0.28307.779
MinimumVisualStudioVersion = 10.0.40219.1
Project("{FAE04EC0-301F-11D3-BF4B-00C04F79EFBC}") = "FirstFormApp", "FirstFormApp\FirstFormApp.csproj", "{3340F1E2-1218-4420-BBB4-43EA2EE5271B}"
EndProject
Global
	GlobalSection(SolutionConfigurationPlatforms) = preSolution
		Debug|Any CPU = Debug|Any CPU
		Release|Any CPU = Release|Any CPU
	EndGlobalSection
	GlobalSection(ProjectConfigurationPlatforms) = postSolution
		{3340F1E2-1218-4420-BBB4-43EA2EE5271B}.Debug|Any CPU.ActiveCfg = Debug|Any CPU
		{3340F1E2-1218-4420-BBB4-43EA2EE5271B}.Debug|Any CPU.Build.0 = Debug|Any CPU
		{3340F1E2-1218-4420-BBB4-43EA2EE5271B}.Release|Any CPU.ActiveCfg = Release|Any CPU
		{3340F1E2-1218-4420-BBB4-43EA2EE5271B}.Release|Any CPU.Build.0 = Release|Any CPU
	EndGlobalSection
	GlobalSection(SolutionProperties) = preSolution
		HideSolutionNode = FALSE
	EndGlobalSection
	GlobalSection(ExtensibilityGlobals) = postSolution
		SolutionGuid = {5AC71582-CA3B-4015-BCC7-1973E3DB2C36}
	EndGlobalSection
EndGlobal
