
Microsoft Visual Studio Solution File, Format Version 12.00
# Visual Studio Version 16
VisualStudioVersion = 16.0.29215.179
MinimumVisualStudioVersion = 10.0.40219.1
Project("{FAE04EC0-301F-11D3-BF4B-00C04F79EFBC}") = "DelegateDemo", "DelegateDemo\DelegateDemo.csproj", "{7B821F9B-10D7-4124-85F8-E29C73543929}"
EndProject
Project("{FAE04EC0-301F-11D3-BF4B-00C04F79EFBC}") = "DelegateConcept", "DelegateConcept\DelegateConcept.csproj", "{9EB47F4C-94E2-407A-8A14-B5F791E11107}"
EndProject
Project("{FAE04EC0-301F-11D3-BF4B-00C04F79EFBC}") = "DelegateImplementation", "DelegateImplementation\DelegateImplementation.csproj", "{10586BDD-D676-4DEE-A9B4-CA697C4395E5}"
EndProject
Global
	GlobalSection(SolutionConfigurationPlatforms) = preSolution
		Debug|Any CPU = Debug|Any CPU
		Release|Any CPU = Release|Any CPU
	EndGlobalSection
	GlobalSection(ProjectConfigurationPlatforms) = postSolution
		{7B821F9B-10D7-4124-85F8-E29C73543929}.Debug|Any CPU.ActiveCfg = Debug|Any CPU
		{7B821F9B-10D7-4124-85F8-E29C73543929}.Debug|Any CPU.Build.0 = Debug|Any CPU
		{7B821F9B-10D7-4124-85F8-E29C73543929}.Release|Any CPU.ActiveCfg = Release|Any CPU
		{7B821F9B-10D7-4124-85F8-E29C73543929}.Release|Any CPU.Build.0 = Release|Any CPU
		{9EB47F4C-94E2-407A-8A14-B5F791E11107}.Debug|Any CPU.ActiveCfg = Debug|Any CPU
		{9EB47F4C-94E2-407A-8A14-B5F791E11107}.Debug|Any CPU.Build.0 = Debug|Any CPU
		{9EB47F4C-94E2-407A-8A14-B5F791E11107}.Release|Any CPU.ActiveCfg = Release|Any CPU
		{9EB47F4C-94E2-407A-8A14-B5F791E11107}.Release|Any CPU.Build.0 = Release|Any CPU
		{10586BDD-D676-4DEE-A9B4-CA697C4395E5}.Debug|Any CPU.ActiveCfg = Debug|Any CPU
		{10586BDD-D676-4DEE-A9B4-CA697C4395E5}.Debug|Any CPU.Build.0 = Debug|Any CPU
		{10586BDD-D676-4DEE-A9B4-CA697C4395E5}.Release|Any CPU.ActiveCfg = Release|Any CPU
		{10586BDD-D676-4DEE-A9B4-CA697C4395E5}.Release|Any CPU.Build.0 = Release|Any CPU
	EndGlobalSection
	GlobalSection(SolutionProperties) = preSolution
		HideSolutionNode = FALSE
	EndGlobalSection
	GlobalSection(ExtensibilityGlobals) = postSolution
		SolutionGuid = {D38845EC-0B5D-4385-B56D-576B78DB9A4D}
	EndGlobalSection
EndGlobal
