
Microsoft Visual Studio Solution File, Format Version 12.00
# Visual Studio Version 16
VisualStudioVersion = 16.0.29230.47
MinimumVisualStudioVersion = 10.0.40219.1
Project("{FAE04EC0-301F-11D3-BF4B-00C04F79EFBC}") = "AsynandAwaitDemo", "..\..\..\..\..\..\..\My applications\AdvancedCSharp\AsynandAwaitDemo\AsynandAwaitDemo\AsynandAwaitDemo.csproj", "{A5206C8F-AE3A-4652-984F-CD7D0533D45C}"
EndProject
Project("{FAE04EC0-301F-11D3-BF4B-00C04F79EFBC}") = "AsynchronousOperations", "AsynchronousOperations\AsynchronousOperations.csproj", "{54333C7E-4E87-4208-8376-AD49B6F362C3}"
EndProject
Project("{FAE04EC0-301F-11D3-BF4B-00C04F79EFBC}") = "Wpf_AsynAwaitDemo", "..\..\..\..\..\..\..\My applications\AdvancedCSharp\AsynandAwaitDemo\Wpf_AsynAwaitDemo\Wpf_AsynAwaitDemo.csproj", "{08E2282E-6A54-457F-9BC9-6A0F804E2A82}"
EndProject
Global
	GlobalSection(SolutionConfigurationPlatforms) = preSolution
		Debug|Any CPU = Debug|Any CPU
		Release|Any CPU = Release|Any CPU
	EndGlobalSection
	GlobalSection(ProjectConfigurationPlatforms) = postSolution
		{A5206C8F-AE3A-4652-984F-CD7D0533D45C}.Debug|Any CPU.ActiveCfg = Debug|Any CPU
		{A5206C8F-AE3A-4652-984F-CD7D0533D45C}.Debug|Any CPU.Build.0 = Debug|Any CPU
		{A5206C8F-AE3A-4652-984F-CD7D0533D45C}.Release|Any CPU.ActiveCfg = Release|Any CPU
		{A5206C8F-AE3A-4652-984F-CD7D0533D45C}.Release|Any CPU.Build.0 = Release|Any CPU
		{54333C7E-4E87-4208-8376-AD49B6F362C3}.Debug|Any CPU.ActiveCfg = Debug|Any CPU
		{54333C7E-4E87-4208-8376-AD49B6F362C3}.Debug|Any CPU.Build.0 = Debug|Any CPU
		{54333C7E-4E87-4208-8376-AD49B6F362C3}.Release|Any CPU.ActiveCfg = Release|Any CPU
		{54333C7E-4E87-4208-8376-AD49B6F362C3}.Release|Any CPU.Build.0 = Release|Any CPU
		{08E2282E-6A54-457F-9BC9-6A0F804E2A82}.Debug|Any CPU.ActiveCfg = Debug|Any CPU
		{08E2282E-6A54-457F-9BC9-6A0F804E2A82}.Debug|Any CPU.Build.0 = Debug|Any CPU
		{08E2282E-6A54-457F-9BC9-6A0F804E2A82}.Release|Any CPU.ActiveCfg = Release|Any CPU
		{08E2282E-6A54-457F-9BC9-6A0F804E2A82}.Release|Any CPU.Build.0 = Release|Any CPU
	EndGlobalSection
	GlobalSection(SolutionProperties) = preSolution
		HideSolutionNode = FALSE
	EndGlobalSection
	GlobalSection(ExtensibilityGlobals) = postSolution
		SolutionGuid = {29B78FCA-193C-4DF3-8AF0-AB671841FB8A}
	EndGlobalSection
EndGlobal
